{
    "_readme": [
        "This file locks the dependencies of your project to a known state",
        "Read more about it at https://getcomposer.org/doc/01-basic-usage.md#installing-dependencies",
        "This file is @generated automatically"
    ],
    "content-hash": "a0f1be69e034fce9099ee5211f341d7a",
    "packages": [],
    "packages-dev": [
        {
            "name": "doctrine/dbal",
            "version": "3.10.6",
            "source": {
                "type": "git",
                "url": "https://github.com/doctrine/dbal.git",
                "reference": "c95589d775a0b2e543467d40f8c3ecccf586f2b4"
            },
            "dist": {
                "type": "zip",
                "url": "https://api.github.com/repos/doctrine/dbal/zipball/c95589d775a0b2e543467d40f8c3ecccf586f2b4",
                "reference": "c95589d775a0b2e543467d40f8c3ecccf586f2b4",
                "shasum": ""
            },
            "require": {
                "composer-runtime-api": "^2",
                "doctrine/deprecations": "^0.5.3|^1",
                "doctrine/event-manager": "^1|^2",
                "php": "^7.4 || ^8.0",
                "psr/cache": "^1|^2|^3",
                "psr/log": "^1|^2|^3"
            },
            "conflict": {
                "doctrine/cache": "< 1.11"
            },
            "require-dev": {
                "doctrine/cache": "^1.11|^2.0",
                "doctrine/coding-standard": "14.0.0",
                "fig/log-test": "^1",
                "jetbrains/phpstorm-stubs": "2023.1",
                "phpstan/phpstan": "2.1.30",
                "phpstan/phpstan-strict-rules": "^2",
                "phpunit/phpunit": "9.6.34",
                "slevomat/coding-standard": "8.27.1",
                "squizlabs/php_codesniffer": "4.0.1",
                "symfony/cache": "^5.4|^6.0|^7.0|^8.0",
                "symfony/console": "^4.4|^5.4|^6.0|^7.0|^8.0"
            },
            "suggest": {
                "symfony/console": "For helpful console commands such as SQL execution and import of files."
            },
            "bin": [
                "bin/doctrine-dbal"
            ],
            "type": "library",
            "autoload": {
                "psr-4": {
                    "Doctrine\\DBAL\\": "src"
                }
            },
            "notification-url": "https://packagist.org/downloads/",
            "license": [
                "MIT"
            ],
            "authors": [
                {
                    "name": "Guilherme Blanco",
                    "email": "guilhermeblanco@gmail.com"
                },
                {
                    "name": "Roman Borschel",
                    "email": "roman@code-factory.org"
                },
                {
                    "name": "Benjamin Eberlei",
                    "email": "kontakt@beberlei.de"
                },
                {
                    "name": "Jonathan Wage",
                    "email": "jonwage@gmail.com"
                }
            ],
            "description": "Powerful PHP database abstraction layer (DBAL) with many features for database schema introspection and management.",
            "homepage": "https://www.doctrine-project.org/projects/dbal.html",
            "keywords": [
                "abstraction",
                "database",
                "db2",
                "dbal",
                "mariadb",
                "mssql",
                "mysql",
                "oci8",
                "oracle",
                "pdo",
                "pgsql",
                "postgresql",
                "queryobject",
                "sasql",
                "sql",
                "sqlite",
                "sqlserver",
                "sqlsrv"
            ],
            "support": {
                "issues": "https://github.com/doctrine/dbal/issues",
                "source": "https://github.com/doctrine/dbal/tree/3.10.6"
            },
            "funding": [
                {
                    "url": "https://www.doctrine-project.org/sponsorship.html",
                    "type": "custom"
                },
                {
                    "url": "https://www.patreon.com/phpdoctrine",
                    "type": "patreon"
                },
                {
                    "url": "https://tidelift.com/funding/github/packagist/doctrine%2Fdbal",
                    "type": "tidelift"
                }
            ],
            "time": "2026-07-21T12:57:49+00:00"
        },
        {
            "name": "doctrine/deprecations",
            "version": "1.1.6",
            "source": {
                "type": "git",
                "url": "https://github.com/doctrine/deprecations.git",
                "reference": "d4fe3e6fd9bb9e72557a19674f44d8ac7db4c6ca"
            },
            "dist": {
                "type": "zip",
                "url": "https://api.github.com/repos/doctrine/deprecations/zipball/d4fe3e6fd9bb9e72557a19674f44d8ac7db4c6ca",
                "reference": "d4fe3e6fd9bb9e72557a19674f44d8ac7db4c6ca",
                "shasum": ""
            },
            "require": {
                "php": "^7.1 || ^8.0"
            },
            "conflict": {
                "phpunit/phpunit": "<=7.5 || >=14"
            },
            "require-dev": {
                "doctrine/coding-standard": "^9 || ^12 || ^14",
                "phpstan/phpstan": "1.4.10 || 2.1.30",
                "phpstan/phpstan-phpunit": "^1.0 || ^2",
                "phpunit/phpunit": "^7.5 || ^8.5 || ^9.6 || ^10.5 || ^11.5 || ^12.4 || ^13.0",
                "psr/log": "^1 || ^2 || ^3"
            },
            "suggest": {
                "psr/log": "Allows logging deprecations via PSR-3 logger implementation"
            },
            "type": "library",
            "autoload": {
                "psr-4": {
                    "Doctrine\\Deprecations\\": "src"
                }
            },
            "notification-url": "https://packagist.org/downloads/",
            "license": [
                "MIT"
            ],
            "description": "A small layer on top of trigger_error(E_USER_DEPRECATED) or PSR-3 logging with options to disable all deprecations or selectively for packages.",
            "homepage": "https://www.doctrine-project.org/",
            "support": {
                "issues": "https://github.com/doctrine/deprecations/issues",
                "source": "https://github.com/doctrine/deprecations/tree/1.1.6"
            },
            "time": "2026-02-07T07:09:04+00:00"
        },
        {
            "name": "doctrine/event-manager",
            "version": "2.1.1",
            "source": {
                "type": "git",
                "url": "https://github.com/doctrine/event-manager.git",
                "reference": "dda33921b198841ca8dbad2eaa5d4d34769d18cf"
            },
            "dist": {
                "type": "zip",
                "url": "https://api.github.com/repos/doctrine/event-manager/zipball/dda33921b198841ca8dbad2eaa5d4d34769d18cf",
                "reference": "dda33921b198841ca8dbad2eaa5d4d34769d18cf",
                "shasum": ""
            },
            "require": {
                "php": "^8.1"
            },
            "conflict": {
                "doctrine/common": "<2.9"
            },
            "require-dev": {
                "doctrine/coding-standard": "^14",
                "phpdocumentor/guides-cli": "^1.4",
                "phpstan/phpstan": "^2.1.32",
                "phpunit/phpunit": "^10.5.58"
            },
            "type": "library",
            "autoload": {
                "psr-4": {
                    "Doctrine\\Common\\": "src"
                }
            },
            "notification-url": "https://packagist.org/downloads/",
            "license": [
                "MIT"
            ],
            "authors": [
                {
                    "name": "Guilherme Blanco",
                    "email": "guilhermeblanco@gmail.com"
                },
                {
                    "name": "Roman Borschel",
                    "email": "roman@code-factory.org"
                },
                {
                    "name": "Benjamin Eberlei",
                    "email": "kontakt@beberlei.de"
                },
                {
                    "name": "Jonathan Wage",
                    "email": "jonwage@gmail.com"
                },
                {
                    "name": "Johannes Schmitt",
                    "email": "schmittjoh@gmail.com"
                },
                {
                    "name": "Marco Pivetta",
                    "email": "ocramius@gmail.com"
                }
            ],
            "description": "The Doctrine Event Manager is a simple PHP event system that was built to be used with the various Doctrine projects.",
            "homepage": "https://www.doctrine-project.org/projects/event-manager.html",
            "keywords": [
                "event",
                "event dispatcher",
                "event manager",
                "event system",
                "events"
            ],
            "support": {
                "issues": "https://github.com/doctrine/event-manager/issues",
                "source": "https://github.com/doctrine/event-manager/tree/2.1.1"
            },
            "funding": [
                {
                    "url": "https://www.doctrine-project.org/sponsorship.html",
                    "type": "custom"
                },
                {
                    "url": "https://www.patreon.com/phpdoctrine",
                    "type": "patreon"
                },
                {
                    "url": "https://tidelift.com/funding/github/packagist/doctrine%2Fevent-manager",
                    "type": "tidelift"
                }
            ],
            "time": "2026-01-29T07:11:08+00:00"
        },
        {
            "name": "kubawerlos/php-cs-fixer-custom-fixers",
            "version": "v3.37.2",
            "source": {
                "type": "git",
                "url": "https://github.com/kubawerlos/php-cs-fixer-custom-fixers.git",
                "reference": "678df979ce743466b42ddb6eea46b3f4c9a7bade"
            },
            "dist": {
                "type": "zip",
                "url": "https://api.github.com/repos/kubawerlos/php-cs-fixer-custom-fixers/zipball/678df979ce743466b42ddb6eea46b3f4c9a7bade",
                "reference": "678df979ce743466b42ddb6eea46b3f4c9a7bade",
                "shasum": ""
            },
            "require": {
                "ext-filter": "*",
                "ext-tokenizer": "*",
                "friendsofphp/php-cs-fixer": "^3.87",
                "php": "^7.4 || ^8.0"
            },
            "require-dev": {
                "phpunit/phpunit": "^9.6.34 || ^10.5.63 || ^11.5.55"
            },
            "type": "library",
            "autoload": {
                "psr-4": {
                    "PhpCsFixerCustomFixers\\": "src"
                }
            },
            "notification-url": "https://packagist.org/downloads/",
            "license": [
                "MIT"
            ],
            "authors": [
                {
                    "name": "Kuba Werłos",
                    "email": "werlos@gmail.com"
                }
            ],
            "description": "A set of custom fixers for PHP CS Fixer",
            "support": {
                "issues": "https://github.com/kubawerlos/php-cs-fixer-custom-fixers/issues",
                "source": "https://github.com/kubawerlos/php-cs-fixer-custom-fixers/tree/v3.37.2"
            },
            "funding": [
                {
                    "url": "https://github.com/kubawerlos",
                    "type": "github"
                }
            ],
            "time": "2026-05-12T16:22:19+00:00"
        },
        {
            "name": "nextcloud/coding-standard",
            "version": "v1.5.0",
            "source": {
                "type": "git",
                "url": "https://github.com/nextcloud/coding-standard.git",
                "reference": "80547a93236fbb9c783e05f0f0899043851b0dba"
            },
            "dist": {
                "type": "zip",
                "url": "https://api.github.com/repos/nextcloud/coding-standard/zipball/80547a93236fbb9c783e05f0f0899043851b0dba",
                "reference": "80547a93236fbb9c783e05f0f0899043851b0dba",
                "shasum": ""
            },
            "require": {
                "kubawerlos/php-cs-fixer-custom-fixers": "^3.22",
                "php": "^8.0",
                "php-cs-fixer/shim": "^3.17"
            },
            "type": "library",
            "autoload": {
                "psr-4": {
                    "Nextcloud\\CodingStandard\\": "src"
                }
            },
            "notification-url": "https://packagist.org/downloads/",
            "license": [
                "MIT"
            ],
            "authors": [
                {
                    "name": "Christoph Wurst",
                    "email": "christoph@winzerhof-wurst.at"
                }
            ],
            "description": "Nextcloud coding standards for the php cs fixer",
            "keywords": [
                "dev"
            ],
            "support": {
                "issues": "https://github.com/nextcloud/coding-standard/issues",
                "source": "https://github.com/nextcloud/coding-standard/tree/v1.5.0"
            },
            "time": "2026-05-19T18:30:09+00:00"
        },
        {
            "name": "nextcloud/ocp",
            "version": "v33.0.7",
            "source": {
                "type": "git",
                "url": "https://github.com/nextcloud-deps/ocp.git",
                "reference": "742a6be5d14fce6d3ddd329cf1f6d2b9bb5b5327"
            },
            "dist": {
                "type": "zip",
                "url": "https://api.github.com/repos/nextcloud-deps/ocp/zipball/742a6be5d14fce6d3ddd329cf1f6d2b9bb5b5327",
                "reference": "742a6be5d14fce6d3ddd329cf1f6d2b9bb5b5327",
                "shasum": ""
            },
            "require": {
                "php": "~8.2 || ~8.3 || ~8.4 || ~8.5",
                "psr/clock": "^1.0",
                "psr/container": "^2.0.2",
                "psr/event-dispatcher": "^1.0",
                "psr/log": "^3.0.2"
            },
            "type": "library",
            "extra": {
                "branch-alias": {
                    "dev-stable33": "33.0.0-dev"
                }
            },
            "notification-url": "https://packagist.org/downloads/",
            "license": [
                "AGPL-3.0-or-later"
            ],
            "authors": [
                {
                    "name": "Christoph Wurst",
                    "email": "christoph@winzerhof-wurst.at"
                },
                {
                    "name": "Joas Schilling",
                    "email": "coding@schilljs.com"
                }
            ],
            "description": "Composer package containing Nextcloud's public OCP API and the unstable NCU API",
            "support": {
                "issues": "https://github.com/nextcloud-deps/ocp/issues",
                "source": "https://github.com/nextcloud-deps/ocp/tree/v33.0.7"
            },
            "time": "2026-07-16T01:28:14+00:00"
        },
        {
            "name": "php-cs-fixer/shim",
            "version": "v3.95.11",
            "source": {
                "type": "git",
                "url": "https://github.com/PHP-CS-Fixer/shim.git",
                "reference": "87c59806c6ec3da0c554ca154a14c7e970fe5f26"
            },
            "dist": {
                "type": "zip",
                "url": "https://api.github.com/repos/PHP-CS-Fixer/shim/zipball/87c59806c6ec3da0c554ca154a14c7e970fe5f26",
                "reference": "87c59806c6ec3da0c554ca154a14c7e970fe5f26",
                "shasum": ""
            },
            "require": {
                "ext-json": "*",
                "ext-tokenizer": "*",
                "php": "^7.4 || ^8.0"
            },
            "replace": {
                "friendsofphp/php-cs-fixer": "self.version"
            },
            "suggest": {
                "ext-dom": "For handling output formats in XML",
                "ext-mbstring": "For handling non-UTF8 characters."
            },
            "bin": [
                "php-cs-fixer",
                "php-cs-fixer.phar"
            ],
            "type": "application",
            "notification-url": "https://packagist.org/downloads/",
            "license": [
                "MIT"
            ],
            "authors": [
                {
                    "name": "Fabien Potencier",
                    "email": "fabien@symfony.com"
                },
                {
                    "name": "Dariusz Rumiński",
                    "email": "dariusz.ruminski@gmail.com"
                }
            ],
            "description": "A tool to automatically fix PHP code style",
            "support": {
                "issues": "https://github.com/PHP-CS-Fixer/shim/issues",
                "source": "https://github.com/PHP-CS-Fixer/shim/tree/v3.95.11"
            },
            "time": "2026-06-25T14:17:29+00:00"
        },
        {
            "name": "phpstan/phpstan",
            "version": "2.2.2",
            "dist": {
                "type": "zip",
                "url": "https://api.github.com/repos/phpstan/phpstan/zipball/e5cc34d491a90e79c216d824f60fe21fd4d93bd6",
                "reference": "e5cc34d491a90e79c216d824f60fe21fd4d93bd6",
                "shasum": ""
            },
            "require": {
                "php": "^7.4|^8.0"
            },
            "conflict": {
                "phpstan/phpstan-shim": "*"
            },
            "bin": [
                "phpstan",
                "phpstan.phar"
            ],
            "type": "library",
            "autoload": {
                "files": [
                    "bootstrap.php"
                ]
            },
            "notification-url": "https://packagist.org/downloads/",
            "license": [
                "MIT"
            ],
            "authors": [
                {
                    "name": "Ondřej Mirtes"
                },
                {
                    "name": "Markus Staab"
                },
                {
                    "name": "Vincent Langlet"
                }
            ],
            "description": "PHPStan - PHP Static Analysis Tool",
            "keywords": [
                "dev",
                "static analysis"
            ],
            "support": {
                "docs": "https://phpstan.org/user-guide/getting-started",
                "forum": "https://github.com/phpstan/phpstan/discussions",
                "issues": "https://github.com/phpstan/phpstan/issues",
                "security": "https://github.com/phpstan/phpstan/security/policy",
                "source": "https://github.com/phpstan/phpstan-src"
            },
            "funding": [
                {
                    "url": "https://github.com/ondrejmirtes",
                    "type": "github"
                },
                {
                    "url": "https://github.com/phpstan",
                    "type": "github"
                }
            ],
            "time": "2026-06-05T09:00:01+00:00"
        },
        {
            "name": "psr/cache",
            "version": "3.0.0",
            "source": {
                "type": "git",
                "url": "https://github.com/php-fig/cache.git",
                "reference": "aa5030cfa5405eccfdcb1083ce040c2cb8d253bf"
            },
            "dist": {
                "type": "zip",
                "url": "https://api.github.com/repos/php-fig/cache/zipball/aa5030cfa5405eccfdcb1083ce040c2cb8d253bf",
                "reference": "aa5030cfa5405eccfdcb1083ce040c2cb8d253bf",
                "shasum": ""
            },
            "require": {
                "php": ">=8.0.0"
            },
            "type": "library",
            "extra": {
                "branch-alias": {
                    "dev-master": "1.0.x-dev"
                }
            },
            "autoload": {
                "psr-4": {
                    "Psr\\Cache\\": "src/"
                }
            },
            "notification-url": "https://packagist.org/downloads/",
            "license": [
                "MIT"
            ],
            "authors": [
                {
                    "name": "PHP-FIG",
                    "homepage": "https://www.php-fig.org/"
                }
            ],
            "description": "Common interface for caching libraries",
            "keywords": [
                "cache",
                "psr",
                "psr-6"
            ],
            "support": {
                "source": "https://github.com/php-fig/cache/tree/3.0.0"
            },
            "time": "2021-02-03T23:26:27+00:00"
        },
        {
            "name": "psr/clock",
            "version": "1.0.0",
            "source": {
                "type": "git",
                "url": "https://github.com/php-fig/clock.git",
                "reference": "e41a24703d4560fd0acb709162f73b8adfc3aa0d"
            },
            "dist": {
                "type": "zip",
                "url": "https://api.github.com/repos/php-fig/clock/zipball/e41a24703d4560fd0acb709162f73b8adfc3aa0d",
                "reference": "e41a24703d4560fd0acb709162f73b8adfc3aa0d",
                "shasum": ""
            },
            "require": {
                "php": "^7.0 || ^8.0"
            },
            "type": "library",
            "autoload": {
                "psr-4": {
                    "Psr\\Clock\\": "src/"
                }
            },
            "notification-url": "https://packagist.org/downloads/",
            "license": [
                "MIT"
            ],
            "authors": [
                {
                    "name": "PHP-FIG",
                    "homepage": "https://www.php-fig.org/"
                }
            ],
            "description": "Common interface for reading the clock.",
            "homepage": "https://github.com/php-fig/clock",
            "keywords": [
                "clock",
                "now",
                "psr",
                "psr-20",
                "time"
            ],
            "support": {
                "issues": "https://github.com/php-fig/clock/issues",
                "source": "https://github.com/php-fig/clock/tree/1.0.0"
            },
            "time": "2022-11-25T14:36:26+00:00"
        },
        {
            "name": "psr/container",
            "version": "2.0.2",
            "source": {
                "type": "git",
                "url": "https://github.com/php-fig/container.git",
                "reference": "c71ecc56dfe541dbd90c5360474fbc405f8d5963"
            },
            "dist": {
                "type": "zip",
                "url": "https://api.github.com/repos/php-fig/container/zipball/c71ecc56dfe541dbd90c5360474fbc405f8d5963",
                "reference": "c71ecc56dfe541dbd90c5360474fbc405f8d5963",
                "shasum": ""
            },
            "require": {
                "php": ">=7.4.0"
            },
            "type": "library",
            "extra": {
                "branch-alias": {
                    "dev-master": "2.0.x-dev"
                }
            },
            "autoload": {
                "psr-4": {
                    "Psr\\Container\\": "src/"
                }
            },
            "notification-url": "https://packagist.org/downloads/",
            "license": [
                "MIT"
            ],
            "authors": [
                {
                    "name": "PHP-FIG",
                    "homepage": "https://www.php-fig.org/"
                }
            ],
            "description": "Common Container Interface (PHP FIG PSR-11)",
            "homepage": "https://github.com/php-fig/container",
            "keywords": [
                "PSR-11",
                "container",
                "container-interface",
                "container-interop",
                "psr"
            ],
            "support": {
                "issues": "https://github.com/php-fig/container/issues",
                "source": "https://github.com/php-fig/container/tree/2.0.2"
            },
            "time": "2021-11-05T16:47:00+00:00"
        },
        {
            "name": "psr/event-dispatcher",
            "version": "1.0.0",
            "source": {
                "type": "git",
                "url": "https://github.com/php-fig/event-dispatcher.git",
                "reference": "dbefd12671e8a14ec7f180cab83036ed26714bb0"
            },
            "dist": {
                "type": "zip",
                "url": "https://api.github.com/repos/php-fig/event-dispatcher/zipball/dbefd12671e8a14ec7f180cab83036ed26714bb0",
                "reference": "dbefd12671e8a14ec7f180cab83036ed26714bb0",
                "shasum": ""
            },
            "require": {
                "php": ">=7.2.0"
            },
            "type": "library",
            "extra": {
                "branch-alias": {
                    "dev-master": "1.0.x-dev"
                }
            },
            "autoload": {
                "psr-4": {
                    "Psr\\EventDispatcher\\": "src/"
                }
            },
            "notification-url": "https://packagist.org/downloads/",
            "license": [
                "MIT"
            ],
            "authors": [
                {
                    "name": "PHP-FIG",
                    "homepage": "http://www.php-fig.org/"
                }
            ],
            "description": "Standard interfaces for event handling.",
            "keywords": [
                "events",
                "psr",
                "psr-14"
            ],
            "support": {
                "issues": "https://github.com/php-fig/event-dispatcher/issues",
                "source": "https://github.com/php-fig/event-dispatcher/tree/1.0.0"
            },
            "time": "2019-01-08T18:20:26+00:00"
        },
        {
            "name": "psr/log",
            "version": "3.0.2",
            "source": {
                "type": "git",
                "url": "https://github.com/php-fig/log.git",
                "reference": "f16e1d5863e37f8d8c2a01719f5b34baa2b714d3"
            },
            "dist": {
                "type": "zip",
                "url": "https://api.github.com/repos/php-fig/log/zipball/f16e1d5863e37f8d8c2a01719f5b34baa2b714d3",
                "reference": "f16e1d5863e37f8d8c2a01719f5b34baa2b714d3",
                "shasum": ""
            },
            "require": {
                "php": ">=8.0.0"
            },
            "type": "library",
            "extra": {
                "branch-alias": {
                    "dev-master": "3.x-dev"
                }
            },
            "autoload": {
                "psr-4": {
                    "Psr\\Log\\": "src"
                }
            },
            "notification-url": "https://packagist.org/downloads/",
            "license": [
                "MIT"
            ],
            "authors": [
                {
                    "name": "PHP-FIG",
                    "homepage": "https://www.php-fig.org/"
                }
            ],
            "description": "Common interface for logging libraries",
            "homepage": "https://github.com/php-fig/log",
            "keywords": [
                "log",
                "psr",
                "psr-3"
            ],
            "support": {
                "source": "https://github.com/php-fig/log/tree/3.0.2"
            },
            "time": "2024-09-11T13:17:53+00:00"
        },
        {
            "name": "sabre/uri",
            "version": "3.1.0",
            "source": {
                "type": "git",
                "url": "https://github.com/sabre-io/uri.git",
                "reference": "a926c749dddfb289b8a9b5218d16ac06affdc631"
            },
            "dist": {
                "type": "zip",
                "url": "https://api.github.com/repos/sabre-io/uri/zipball/a926c749dddfb289b8a9b5218d16ac06affdc631",
                "reference": "a926c749dddfb289b8a9b5218d16ac06affdc631",
                "shasum": ""
            },
            "require": {
                "php": "^8.2"
            },
            "require-dev": {
                "friendsofphp/php-cs-fixer": "^3.95",
                "phpstan/extension-installer": "^1.4",
                "phpstan/phpstan": "^2.1",
                "phpstan/phpstan-phpunit": "^2.0",
                "phpstan/phpstan-strict-rules": "^2.0",
                "phpunit/phpunit": "^10.5",
                "rector/rector": "^2.4"
            },
            "type": "library",
            "autoload": {
                "files": [
                    "lib/functions.php"
                ],
                "psr-4": {
                    "Sabre\\Uri\\": "lib/"
                }
            },
            "notification-url": "https://packagist.org/downloads/",
            "license": [
                "BSD-3-Clause"
            ],
            "authors": [
                {
                    "name": "Evert Pot",
                    "email": "me@evertpot.com",
                    "homepage": "http://evertpot.com/",
                    "role": "Developer"
                }
            ],
            "description": "Functions for making sense out of URIs.",
            "homepage": "http://sabre.io/uri/",
            "keywords": [
                "rfc3986",
                "uri",
                "url"
            ],
            "support": {
                "forum": "https://groups.google.com/group/sabredav-discuss",
                "issues": "https://github.com/sabre-io/uri/issues",
                "source": "https://github.com/fruux/sabre-uri"
            },
            "time": "2026-04-26T04:19:03+00:00"
        },
        {
            "name": "sabre/vobject",
            "version": "4.6.1",
            "source": {
                "type": "git",
                "url": "https://github.com/sabre-io/vobject.git",
                "reference": "63613f6c53a0a2bddfe22caba0d052e6c59f7d0e"
            },
            "dist": {
                "type": "zip",
                "url": "https://api.github.com/repos/sabre-io/vobject/zipball/63613f6c53a0a2bddfe22caba0d052e6c59f7d0e",
                "reference": "63613f6c53a0a2bddfe22caba0d052e6c59f7d0e",
                "shasum": ""
            },
            "require": {
                "ext-mbstring": "*",
                "php": "^7.1 || ^8.0",
                "sabre/xml": "^2.1 || ^3.0 || ^4.0"
            },
            "require-dev": {
                "friendsofphp/php-cs-fixer": "~2.17.1",
                "phpstan/phpstan": "^0.12 || ^1.12 || ^2.0",
                "phpunit/php-invoker": "^2.0 || ^3.1",
                "phpunit/phpunit": "^7.5 || ^8.5 || ^9.6"
            },
            "suggest": {
                "hoa/bench": "If you would like to run the benchmark scripts"
            },
            "bin": [
                "bin/vobject",
                "bin/generate_vcards"
            ],
            "type": "library",
            "extra": {
                "branch-alias": {
                    "dev-master": "4.0.x-dev"
                }
            },
            "autoload": {
                "psr-4": {
                    "Sabre\\VObject\\": "lib/"
                }
            },
            "notification-url": "https://packagist.org/downloads/",
            "license": [
                "BSD-3-Clause"
            ],
            "authors": [
                {
                    "name": "Evert Pot",
                    "email": "me@evertpot.com",
                    "homepage": "http://evertpot.com/",
                    "role": "Developer"
                },
                {
                    "name": "Dominik Tobschall",
                    "email": "dominik@fruux.com",
                    "homepage": "http://tobschall.de/",
                    "role": "Developer"
                },
                {
                    "name": "Ivan Enderlin",
                    "email": "ivan.enderlin@hoa-project.net",
                    "homepage": "http://mnt.io/",
                    "role": "Developer"
                }
            ],
            "description": "The VObject library for PHP allows you to easily parse and manipulate iCalendar and vCard objects",
            "homepage": "http://sabre.io/vobject/",
            "keywords": [
                "availability",
                "freebusy",
                "iCalendar",
                "ical",
                "ics",
                "jCal",
                "jCard",
                "recurrence",
                "rfc2425",
                "rfc2426",
                "rfc2739",
                "rfc4770",
                "rfc5545",
                "rfc5546",
                "rfc6321",
                "rfc6350",
                "rfc6351",
                "rfc6474",
                "rfc6638",
                "rfc6715",
                "rfc6868",
                "vCalendar",
                "vCard",
                "vcf",
                "xCal",
                "xCard"
            ],
            "support": {
                "forum": "https://groups.google.com/group/sabredav-discuss",
                "issues": "https://github.com/sabre-io/vobject/issues",
                "source": "https://github.com/fruux/sabre-vobject"
            },
            "time": "2026-07-07T03:20:17+00:00"
        },
        {
            "name": "sabre/xml",
            "version": "4.1.0",
            "source": {
                "type": "git",
                "url": "https://github.com/sabre-io/xml.git",
                "reference": "bec83cbe2f4e1e1ca4254ed8d7caa7e32cc74b05"
            },
            "dist": {
                "type": "zip",
                "url": "https://api.github.com/repos/sabre-io/xml/zipball/bec83cbe2f4e1e1ca4254ed8d7caa7e32cc74b05",
                "reference": "bec83cbe2f4e1e1ca4254ed8d7caa7e32cc74b05",
                "shasum": ""
            },
            "require": {
                "ext-dom": "*",
                "ext-xmlreader": "*",
                "ext-xmlwriter": "*",
                "lib-libxml": ">=2.6.20",
                "php": "^8.2",
                "sabre/uri": ">=2.0,<4.0.0"
            },
            "require-dev": {
                "friendsofphp/php-cs-fixer": "^3.95",
                "phpstan/extension-installer": "^1.4",
                "phpstan/phpstan": "^2.1",
                "phpstan/phpstan-phpunit": "^2.0",
                "phpstan/phpstan-strict-rules": "^2.0",
                "phpunit/phpunit": "^10.5",
                "rector/rector": "^2.4"
            },
            "type": "library",
            "autoload": {
                "files": [
                    "lib/Deserializer/functions.php",
                    "lib/Serializer/functions.php"
                ],
                "psr-4": {
                    "Sabre\\Xml\\": "lib/"
                }
            },
            "notification-url": "https://packagist.org/downloads/",
            "license": [
                "BSD-3-Clause"
            ],
            "authors": [
                {
                    "name": "Evert Pot",
                    "email": "me@evertpot.com",
                    "homepage": "http://evertpot.com/",
                    "role": "Developer"
                },
                {
                    "name": "Markus Staab",
                    "email": "markus.staab@redaxo.de",
                    "role": "Developer"
                }
            ],
            "description": "sabre/xml is an XML library that you may not hate.",
            "homepage": "https://sabre.io/xml/",
            "keywords": [
                "XMLReader",
                "XMLWriter",
                "dom",
                "xml"
            ],
            "support": {
                "forum": "https://groups.google.com/group/sabredav-discuss",
                "issues": "https://github.com/sabre-io/xml/issues",
                "source": "https://github.com/fruux/sabre-xml"
            },
            "time": "2026-04-27T10:56:01+00:00"
        }
    ],
    "aliases": [],
    "minimum-stability": "stable",
    "stability-flags": {},
    "prefer-stable": false,
    "prefer-lowest": false,
    "platform": {
        "php": "^8.2"
    },
    "platform-dev": {},
    "platform-overrides": {
        "php": "8.2"
    },
    "plugin-api-version": "2.9.0"
}
